
Microsoft Visual Studio Solution File, Format Version 12.00
# Visual Studio 15
VisualStudioVersion = 15.0.27130.2010
MinimumVisualStudioVersion = 10.0.40219.1
Project("{FAE04EC0-301F-11D3-BF4B-00C04F79EFBC}") = "DemoTests", "DemoTests\DemoTests.csproj", "{901C3B74-A7AC-4578-8429-C3232A3FBBA8}"
EndProject
Project("{FAE04EC0-301F-11D3-BF4B-00C04F79EFBC}") = "DemoTests.Tests", "DemoTests.Tests\DemoTests.Tests.csproj", "{3AB79AB2-3435-4AE0-BA9F-C1F396FB6314}"
EndProject
Global
	GlobalSection(SolutionConfigurationPlatforms) = preSolution
		Debug|Any CPU = Debug|Any CPU
		Release|Any CPU = Release|Any CPU
	EndGlobalSection
	GlobalSection(ProjectConfigurationPlatforms) = postSolution
		{901C3B74-A7AC-4578-8429-C3232A3FBBA8}.Debug|Any CPU.ActiveCfg = Debug|Any CPU
		{901C3B74-A7AC-4578-8429-C3232A3FBBA8}.Debug|Any CPU.Build.0 = Debug|Any CPU
		{901C3B74-A7AC-4578-8429-C3232A3FBBA8}.Release|Any CPU.ActiveCfg = Release|Any CPU
		{901C3B74-A7AC-4578-8429-C3232A3FBBA8}.Release|Any CPU.Build.0 = Release|Any CPU
		{3AB79AB2-3435-4AE0-BA9F-C1F396FB6314}.Debug|Any CPU.ActiveCfg = Debug|Any CPU
		{3AB79AB2-3435-4AE0-BA9F-C1F396FB6314}.Debug|Any CPU.Build.0 = Debug|Any CPU
		{3AB79AB2-3435-4AE0-BA9F-C1F396FB6314}.Release|Any CPU.ActiveCfg = Release|Any CPU
		{3AB79AB2-3435-4AE0-BA9F-C1F396FB6314}.Release|Any CPU.Build.0 = Release|Any CPU
	EndGlobalSection
	GlobalSection(SolutionProperties) = preSolution
		HideSolutionNode = FALSE
	EndGlobalSection
	GlobalSection(ExtensibilityGlobals) = postSolution
		SolutionGuid = {1112C7FF-1B35-4379-85A7-6879BD12B560}
	EndGlobalSection
EndGlobal
