
Microsoft Visual Studio Solution File, Format Version 12.00
# Visual Studio 15
VisualStudioVersion = 15.0.27130.2010
MinimumVisualStudioVersion = 10.0.40219.1
Project("{FAE04EC0-301F-11D3-BF4B-00C04F79EFBC}") = "ChoixResto.Tests", "ChoixResto.Tests\ChoixResto.Tests.csproj", "{B274A22A-7143-433C-9F6F-15E48C6C53A8}"
EndProject
Project("{FAE04EC0-301F-11D3-BF4B-00C04F79EFBC}") = "ChoixResto", "ChoixResto\ChoixResto.csproj", "{D6D6D739-3256-4DB9-84AF-9A5BEB0B49CD}"
EndProject
Global
	GlobalSection(SolutionConfigurationPlatforms) = preSolution
		Debug|Any CPU = Debug|Any CPU
		Release|Any CPU = Release|Any CPU
	EndGlobalSection
	GlobalSection(ProjectConfigurationPlatforms) = postSolution
		{B274A22A-7143-433C-9F6F-15E48C6C53A8}.Debug|Any CPU.ActiveCfg = Debug|Any CPU
		{B274A22A-7143-433C-9F6F-15E48C6C53A8}.Debug|Any CPU.Build.0 = Debug|Any CPU
		{B274A22A-7143-433C-9F6F-15E48C6C53A8}.Release|Any CPU.ActiveCfg = Release|Any CPU
		{B274A22A-7143-433C-9F6F-15E48C6C53A8}.Release|Any CPU.Build.0 = Release|Any CPU
		{D6D6D739-3256-4DB9-84AF-9A5BEB0B49CD}.Debug|Any CPU.ActiveCfg = Debug|Any CPU
		{D6D6D739-3256-4DB9-84AF-9A5BEB0B49CD}.Debug|Any CPU.Build.0 = Debug|Any CPU
		{D6D6D739-3256-4DB9-84AF-9A5BEB0B49CD}.Release|Any CPU.ActiveCfg = Release|Any CPU
		{D6D6D739-3256-4DB9-84AF-9A5BEB0B49CD}.Release|Any CPU.Build.0 = Release|Any CPU
	EndGlobalSection
	GlobalSection(SolutionProperties) = preSolution
		HideSolutionNode = FALSE
	EndGlobalSection
	GlobalSection(ExtensibilityGlobals) = postSolution
		SolutionGuid = {77B15F46-D167-4AD7-80C4-5B38FBDC565F}
	EndGlobalSection
EndGlobal
